
Microsoft Visual Studio Solution File, Format Version 12.00
# Visual Studio 14
VisualStudioVersion = 14.0.23107.0
MinimumVisualStudioVersion = 10.0.40219.1
Project("{FAE04EC0-301F-11D3-BF4B-00C04F79EFBC}") = "BinaryTreeClasses", "BinaryTreeClasses\BinaryTreeClasses.csproj", "{98AB3B56-80DD-40E9-9E71-84744CE89059}"
EndProject
Project("{FAE04EC0-301F-11D3-BF4B-00C04F79EFBC}") = "BinaryTreeClassesConsole", "BinaryTreeClassesConsole\BinaryTreeClassesConsole.csproj", "{6FB0C603-DF31-4351-AF61-0FDCA9E640A6}"
EndProject
Project("{FAE04EC0-301F-11D3-BF4B-00C04F79EFBC}") = "BinaryTreeClassesTests", "BinaryTreeClassesTests\BinaryTreeClassesTests.csproj", "{1160BEBA-30EA-4D44-B1A5-BFA71C84C3F6}"
EndProject
Global
	GlobalSection(SolutionConfigurationPlatforms) = preSolution
		Debug|Any CPU = Debug|Any CPU
		Release|Any CPU = Release|Any CPU
	EndGlobalSection
	GlobalSection(ProjectConfigurationPlatforms) = postSolution
		{98AB3B56-80DD-40E9-9E71-84744CE89059}.Debug|Any CPU.ActiveCfg = Debug|Any CPU
		{98AB3B56-80DD-40E9-9E71-84744CE89059}.Debug|Any CPU.Build.0 = Debug|Any CPU
		{98AB3B56-80DD-40E9-9E71-84744CE89059}.Release|Any CPU.ActiveCfg = Release|Any CPU
		{98AB3B56-80DD-40E9-9E71-84744CE89059}.Release|Any CPU.Build.0 = Release|Any CPU
		{6FB0C603-DF31-4351-AF61-0FDCA9E640A6}.Debug|Any CPU.ActiveCfg = Debug|Any CPU
		{6FB0C603-DF31-4351-AF61-0FDCA9E640A6}.Debug|Any CPU.Build.0 = Debug|Any CPU
		{6FB0C603-DF31-4351-AF61-0FDCA9E640A6}.Release|Any CPU.ActiveCfg = Release|Any CPU
		{6FB0C603-DF31-4351-AF61-0FDCA9E640A6}.Release|Any CPU.Build.0 = Release|Any CPU
		{1160BEBA-30EA-4D44-B1A5-BFA71C84C3F6}.Debug|Any CPU.ActiveCfg = Debug|Any CPU
		{1160BEBA-30EA-4D44-B1A5-BFA71C84C3F6}.Debug|Any CPU.Build.0 = Debug|Any CPU
		{1160BEBA-30EA-4D44-B1A5-BFA71C84C3F6}.Release|Any CPU.ActiveCfg = Release|Any CPU
		{1160BEBA-30EA-4D44-B1A5-BFA71C84C3F6}.Release|Any CPU.Build.0 = Release|Any CPU
	EndGlobalSection
	GlobalSection(SolutionProperties) = preSolution
		HideSolutionNode = FALSE
	EndGlobalSection
EndGlobal
